// !$*UTF8*$!
{
	archiveVersion = 1;
	classes = {
	};
	objectVersion = 50;
	objects = {

/* Begin PBXBuildFile section */
		C895C78D20D3EB7E00B52144 /* Pods_Pumaflor.framework in Frameworks */ = {isa = PBXBuildFile; fileRef = 0396FB7BC653FC849559ACC2 /* Pods_Pumaflor.framework */; };
		C8BCEA4220D3C1B300B35470 /* AppDelegate.swift in Sources */ = {isa = PBXBuildFile; fileRef = C8BCEA4120D3C1B300B35470 /* AppDelegate.swift */; };
		C8BCEA4420D3C1B300B35470 /* ViewController.swift in Sources */ = {isa = PBXBuildFile; fileRef = C8BCEA4320D3C1B300B35470 /* ViewController.swift */; };
		C8BCEA4620D3C1B400B35470 /* Assets.xcassets in Resources */ = {isa = PBXBuildFile; fileRef = C8BCEA4520D3C1B400B35470 /* Assets.xcassets */; };
		C8BCEA4920D3C1B400B35470 /* Main.storyboard in Resources */ = {isa = PBXBuildFile; fileRef = C8BCEA4720D3C1B400B35470 /* Main.storyboard */; };
		C8DDEB4F20D3E5D40029595E /* MainWindow.swift in Sources */ = {isa = PBXBuildFile; fileRef = C8DDEB4E20D3E5D40029595E /* MainWindow.swift */; };
/* End PBXBuildFile section */

/* Begin PBXFileReference section */
		0396FB7BC653FC849559ACC2 /* Pods_Pumaflor.framework */ = {isa = PBXFileReference; explicitFileType = wrapper.framework; includeInIndex = 0; path = Pods_Pumaflor.framework; sourceTree = BUILT_PRODUCTS_DIR; };
		5A3FB7016027986A7B56AF07 /* Pods-Pumaflor.debug.xcconfig */ = {isa = PBXFileReference; includeInIndex = 1; lastKnownFileType = text.xcconfig; name = "Pods-Pumaflor.debug.xcconfig"; path = "Pods/Target Support Files/Pods-Pumaflor/Pods-Pumaflor.debug.xcconfig"; sourceTree = "<group>"; };
		77A72865DCEA94598A681DBF /* Pods-Pumaflor.release.xcconfig */ = {isa = PBXFileReference; includeInIndex = 1; lastKnownFileType = text.xcconfig; name = "Pods-Pumaflor.release.xcconfig"; path = "Pods/Target Support Files/Pods-Pumaflor/Pods-Pumaflor.release.xcconfig"; sourceTree = "<group>"; };
		C8BCEA3E20D3C1B300B35470 /* Pumaflor.app */ = {isa = PBXFileReference; explicitFileType = wrapper.application; includeInIndex = 0; path = Pumaflor.app; sourceTree = BUILT_PRODUCTS_DIR; };
		C8BCEA4120D3C1B300B35470 /* AppDelegate.swift */ = {isa = PBXFileReference; lastKnownFileType = sourcecode.swift; path = AppDelegate.swift; sourceTree = "<group>"; };
		C8BCEA4320D3C1B300B35470 /* ViewController.swift */ = {isa = PBXFileReference; lastKnownFileType = sourcecode.swift; path = ViewController.swift; sourceTree = "<group>"; };
		C8BCEA4520D3C1B400B35470 /* Assets.xcassets */ = {isa = PBXFileReference; lastKnownFileType = folder.assetcatalog; path = Assets.xcassets; sourceTree = "<group>"; };
		C8BCEA4820D3C1B400B35470 /* Base */ = {isa = PBXFileReference; lastKnownFileType = file.storyboard; name = Base; path = Base.lproj/Main.storyboard; sourceTree = "<group>"; };
		C8BCEA4A20D3C1B400B35470 /* Info.plist */ = {isa = PBXFileReference; lastKnownFileType = text.plist.xml; path = Info.plist; sourceTree = "<group>"; };
		C8BCEA4B20D3C1B400B35470 /* Pumaflor.entitlements */ = {isa = PBXFileReference; lastKnownFileType = text.plist.entitlements; path = Pumaflor.entitlements; sourceTree = "<group>"; };
		C8DDEB4E20D3E5D40029595E /* MainWindow.swift */ = {isa = PBXFileReference; lastKnownFileType = sourcecode.swift; path = MainWindow.swift; sourceTree = "<group>"; };
/* End PBXFileReference section */

/* Begin PBXFrameworksBuildPhase section */
		C8BCEA3B20D3C1B300B35470 /* Frameworks */ = {
			isa = PBXFrameworksBuildPhase;
			buildActionMask = 2147483647;
			files = (
				C895C78D20D3EB7E00B52144 /* Pods_Pumaflor.framework in Frameworks */,
			);
			runOnlyForDeploymentPostprocessing = 0;
		};
/* End PBXFrameworksBuildPhase section */

/* Begin PBXGroup section */
		5EC462D43BA66DB168597C27 /* Pods */ = {
			isa = PBXGroup;
			children = (
				5A3FB7016027986A7B56AF07 /* Pods-Pumaflor.debug.xcconfig */,
				77A72865DCEA94598A681DBF /* Pods-Pumaflor.release.xcconfig */,
			);
			name = Pods;
			sourceTree = "<group>";
		};
		791EFB04CC28C72913AE0BE8 /* Frameworks */ = {
			isa = PBXGroup;
			children = (
				0396FB7BC653FC849559ACC2 /* Pods_Pumaflor.framework */,
			);
			name = Frameworks;
			sourceTree = "<group>";
		};
		C8BCEA3520D3C1B300B35470 = {
			isa = PBXGroup;
			children = (
				C8BCEA4020D3C1B300B35470 /* Pumaflor */,
				C8BCEA3F20D3C1B300B35470 /* Products */,
				5EC462D43BA66DB168597C27 /* Pods */,
				791EFB04CC28C72913AE0BE8 /* Frameworks */,
			);
			sourceTree = "<group>";
		};
		C8BCEA3F20D3C1B300B35470 /* Products */ = {
			isa = PBXGroup;
			children = (
				C8BCEA3E20D3C1B300B35470 /* Pumaflor.app */,
			);
			name = Products;
			sourceTree = "<group>";
		};
		C8BCEA4020D3C1B300B35470 /* Pumaflor */ = {
			isa = PBXGroup;
			children = (
				C8BCEA4120D3C1B300B35470 /* AppDelegate.swift */,
				C8BCEA4320D3C1B300B35470 /* ViewController.swift */,
				C8DDEB4E20D3E5D40029595E /* MainWindow.swift */,
				C8BCEA4520D3C1B400B35470 /* Assets.xcassets */,
				C8BCEA4720D3C1B400B35470 /* Main.storyboard */,
				C8BCEA4A20D3C1B400B35470 /* Info.plist */,
				C8BCEA4B20D3C1B400B35470 /* Pumaflor.entitlements */,
			);
			path = Pumaflor;
			sourceTree = "<group>";
		};
/* End PBXGroup section */

/* Begin PBXNativeTarget section */
		C8BCEA3D20D3C1B300B35470 /* Pumaflor */ = {
			isa = PBXNativeTarget;
			buildConfigurationList = C8BCEA4E20D3C1B400B35470 /* Build configuration list for PBXNativeTarget "Pumaflor" */;
			buildPhases = (
				0ED15C8DFD0CE1A17C4D45BF /* [CP] Check Pods Manifest.lock */,
				C8BCEA3A20D3C1B300B35470 /* Sources */,
				C8BCEA3B20D3C1B300B35470 /* Frameworks */,
				C8BCEA3C20D3C1B300B35470 /* Resources */,
				20172D343B0AFBD829710DC7 /* [CP] Embed Pods Frameworks */,
			);
			buildRules = (
			);
			dependencies = (
			);
			name = Pumaflor;
			productName = Pumaflor;
			productReference = C8BCEA3E20D3C1B300B35470 /* Pumaflor.app */;
			productType = "com.apple.product-type.application";
		};
/* End PBXNativeTarget section */

/* Begin PBXProject section */
		C8BCEA3620D3C1B300B35470 /* Project object */ = {
			isa = PBXProject;
			attributes = {
				LastSwiftUpdateCheck = 1000;
				LastUpgradeCheck = 1000;
				ORGANIZATIONNAME = Resdev;
				TargetAttributes = {
					C8BCEA3D20D3C1B300B35470 = {
						CreatedOnToolsVersion = 10.0;
					};
				};
			};
			buildConfigurationList = C8BCEA3920D3C1B300B35470 /* Build configuration list for PBXProject "Pumaflor" */;
			compatibilityVersion = "Xcode 9.3";
			developmentRegion = en;
			hasScannedForEncodings = 0;
			knownRegions = (
				en,
				Base,
			);
			mainGroup = C8BCEA3520D3C1B300B35470;
			productRefGroup = C8BCEA3F20D3C1B300B35470 /* Products */;
			projectDirPath = "";
			projectRoot = "";
			targets = (
				C8BCEA3D20D3C1B300B35470 /* Pumaflor */,
			);
		};
/* End PBXProject section */

/* Begin PBXResourcesBuildPhase section */
		C8BCEA3C20D3C1B300B35470 /* Resources */ = {
			isa = PBXResourcesBuildPhase;
			buildActionMask = 2147483647;
			files = (
				C8BCEA4620D3C1B400B35470 /* Assets.xcassets in Resources */,
				C8BCEA4920D3C1B400B35470 /* Main.storyboard in Resources */,
			);
			runOnlyForDeploymentPostprocessing = 0;
		};
/* End PBXResourcesBuildPhase section */

/* Begin PBXShellScriptBuildPhase section */
		0ED15C8DFD0CE1A17C4D45BF /* [CP] Check Pods Manifest.lock */ = {
			isa = PBXShellScriptBuildPhase;
			buildActionMask = 2147483647;
			files = (
			);
			inputPaths = (
				"${PODS_PODFILE_DIR_PATH}/Podfile.lock",
				"${PODS_ROOT}/Manifest.lock",
			);
			name = "[CP] Check Pods Manifest.lock";
			outputPaths = (
				"$(DERIVED_FILE_DIR)/Pods-Pumaflor-checkManifestLockResult.txt",
			);
			runOnlyForDeploymentPostprocessing = 0;
			shellPath = /bin/sh;
			shellScript = "diff \"${PODS_PODFILE_DIR_PATH}/Podfile.lock\" \"${PODS_ROOT}/Manifest.lock\" > /dev/null\nif [ $? != 0 ] ; then\n    # print error to STDERR\n    echo \"error: The sandbox is not in sync with the Podfile.lock. Run 'pod install' or update your CocoaPods installation.\" >&2\n    exit 1\nfi\n# This output is used by Xcode 'outputs' to avoid re-running this script phase.\necho \"SUCCESS\" > \"${SCRIPT_OUTPUT_FILE_0}\"\n";
			showEnvVarsInLog = 0;
		};
		20172D343B0AFBD829710DC7 /* [CP] Embed Pods Frameworks */ = {
			isa = PBXShellScriptBuildPhase;
			buildActionMask = 2147483647;
			files = (
			);
			inputPaths = (
				"${SRCROOT}/Pods/Target Support Files/Pods-Pumaflor/Pods-Pumaflor-frameworks.sh",
				"${BUILT_PRODUCTS_DIR}/Realm/Realm.framework",
				"${BUILT_PRODUCTS_DIR}/RealmSwift/RealmSwift.framework",
			);
			name = "[CP] Embed Pods Frameworks";
			outputPaths = (
				"${TARGET_BUILD_DIR}/${FRAMEWORKS_FOLDER_PATH}/Realm.framework",
				"${TARGET_BUILD_DIR}/${FRAMEWORKS_FOLDER_PATH}/RealmSwift.framework",
			);
			runOnlyForDeploymentPostprocessing = 0;
			shellPath = /bin/sh;
			shellScript = "\"${SRCROOT}/Pods/Target Support Files/Pods-Pumaflor/Pods-Pumaflor-frameworks.sh\"\n";
			showEnvVarsInLog = 0;
		};
/* End PBXShellScriptBuildPhase section */

/* Begin PBXSourcesBuildPhase section */
		C8BCEA3A20D3C1B300B35470 /* Sources */ = {
			isa = PBXSourcesBuildPhase;
			buildActionMask = 2147483647;
			files = (
				C8BCEA4420D3C1B300B35470 /* ViewController.swift in Sources */,
				C8DDEB4F20D3E5D40029595E /* MainWindow.swift in Sources */,
				C8BCEA4220D3C1B300B35470 /* AppDelegate.swift in Sources */,
			);
			runOnlyForDeploymentPostprocessing = 0;
		};
/* End PBXSourcesBuildPhase section */

/* Begin PBXVariantGroup section */
		C8BCEA4720D3C1B400B35470 /* Main.storyboard */ = {
			isa = PBXVariantGroup;
			children = (
				C8BCEA4820D3C1B400B35470 /* Base */,
			);
			name = Main.storyboard;
			sourceTree = "<group>";
		};
/* End PBXVariantGroup section */

/* Begin XCBuildConfiguration section */
		C8BCEA4C20D3C1B400B35470 /* Debug */ = {
			isa = XCBuildConfiguration;
			buildSettings = {
				ALWAYS_SEARCH_USER_PATHS = NO;
				CLANG_ANALYZER_NONNULL = YES;
				CLANG_ANALYZER_NUMBER_OBJECT_CONVERSION = YES_AGGRESSIVE;
				CLANG_CXX_LANGUAGE_STANDARD = "gnu++14";
				CLANG_CXX_LIBRARY = "libc++";
				CLANG_ENABLE_MODULES = YES;
				CLANG_ENABLE_OBJC_ARC = YES;
				CLANG_ENABLE_OBJC_WEAK = YES;
				CLANG_WARN_BLOCK_CAPTURE_AUTORELEASING = YES;
				CLANG_WARN_BOOL_CONVERSION = YES;
				CLANG_WARN_COMMA = YES;
				CLANG_WARN_CONSTANT_CONVERSION = YES;
				CLANG_WARN_DEPRECATED_OBJC_IMPLEMENTATIONS = YES;
				CLANG_WARN_DIRECT_OBJC_ISA_USAGE = YES_ERROR;
				CLANG_WARN_DOCUMENTATION_COMMENTS = YES;
				CLANG_WARN_EMPTY_BODY = YES;
				CLANG_WARN_ENUM_CONVERSION = YES;
				CLANG_WARN_INFINITE_RECURSION = YES;
				CLANG_WARN_INT_CONVERSION = YES;
				CLANG_WARN_NON_LITERAL_NULL_CONVERSION = YES;
				CLANG_WARN_OBJC_IMPLICIT_RETAIN_SELF = YES;
				CLANG_WARN_OBJC_LITERAL_CONVERSION = YES;
				CLANG_WARN_OBJC_ROOT_CLASS = YES_ERROR;
				CLANG_WARN_RANGE_LOOP_ANALYSIS = YES;
				CLANG_WARN_STRICT_PROTOTYPES = YES;
				CLANG_WARN_SUSPICIOUS_MOVE = YES;
				CLANG_WARN_UNGUARDED_AVAILABILITY = YES_AGGRESSIVE;
				CLANG_WARN_UNREACHABLE_CODE = YES;
				CLANG_WARN__DUPLICATE_METHOD_MATCH = YES;
				CODE_SIGN_IDENTITY = "Mac Developer";
				COPY_PHASE_STRIP = NO;
				DEBUG_INFORMATION_FORMAT = dwarf;
				ENABLE_STRICT_OBJC_MSGSEND = YES;
				ENABLE_TESTABILITY = YES;
				GCC_C_LANGUAGE_STANDARD = gnu11;
				GCC_DYNAMIC_NO_PIC = NO;
				GCC_NO_COMMON_BLOCKS = YES;
				GCC_OPTIMIZATION_LEVEL = 0;
				GCC_PREPROCESSOR_DEFINITIONS = (
					"DEBUG=1",
					"$(inherited)",
				);
				GCC_WARN_64_TO_32_BIT_CONVERSION = YES;
				GCC_WARN_ABOUT_RETURN_TYPE = YES_ERROR;
				GCC_WARN_UNDECLARED_SELECTOR = YES;
				GCC_WARN_UNINITIALIZED_AUTOS = YES_AGGRESSIVE;
				GCC_WARN_UNUSED_FUNCTION = YES;
				GCC_WARN_UNUSED_VARIABLE = YES;
				MACOSX_DEPLOYMENT_TARGET = 10.13;
				MTL_ENABLE_DEBUG_INFO = INCLUDE_SOURCE;
				ONLY_ACTIVE_ARCH = YES;
				SDKROOT = macosx;
				SWIFT_ACTIVE_COMPILATION_CONDITIONS = DEBUG;
				SWIFT_OPTIMIZATION_LEVEL = "-Onone";
			};
			name = Debug;
		};
		C8BCEA4D20D3C1B400B35470 /* Release */ = {
			isa = XCBuildConfiguration;
			buildSettings = {
				ALWAYS_SEARCH_USER_PATHS = NO;
				CLANG_ANALYZER_NONNULL = YES;
				CLANG_ANALYZER_NUMBER_OBJECT_CONVERSION = YES_AGGRESSIVE;
				CLANG_CXX_LANGUAGE_STANDARD = "gnu++14";
				CLANG_CXX_LIBRARY = "libc++";
				CLANG_ENABLE_MODULES = YES;
				CLANG_ENABLE_OBJC_ARC = YES;
				CLANG_ENABLE_OBJC_WEAK = YES;
				CLANG_WARN_BLOCK_CAPTURE_AUTORELEASING = YES;
				CLANG_WARN_BOOL_CONVERSION = YES;
				CLANG_WARN_COMMA = YES;
				CLANG_WARN_CONSTANT_CONVERSION = YES;
				CLANG_WARN_DEPRECATED_OBJC_IMPLEMENTATIONS = YES;
				CLANG_WARN_DIRECT_OBJC_ISA_USAGE = YES_ERROR;
				CLANG_WARN_DOCUMENTATION_COMMENTS = YES;
				CLANG_WARN_EMPTY_BODY = YES;
				CLANG_WARN_ENUM_CONVERSION = YES;
				CLANG_WARN_INFINITE_RECURSION = YES;
				CLANG_WARN_INT_CONVERSION = YES;
				CLANG_WARN_NON_LITERAL_NULL_CONVERSION = YES;
				CLANG_WARN_OBJC_IMPLICIT_RETAIN_SELF = YES;
				CLANG_WARN_OBJC_LITERAL_CONVERSION = YES;
				CLANG_WARN_OBJC_ROOT_CLASS = YES_ERROR;
				CLANG_WARN_RANGE_LOOP_ANALYSIS = YES;
				CLANG_WARN_STRICT_PROTOTYPES = YES;
				CLANG_WARN_SUSPICIOUS_MOVE = YES;
				CLANG_WARN_UNGUARDED_AVAILABILITY = YES_AGGRESSIVE;
				CLANG_WARN_UNREACHABLE_CODE = YES;
				CLANG_WARN__DUPLICATE_METHOD_MATCH = YES;
				CODE_SIGN_IDENTITY = "Mac Developer";
				COPY_PHASE_STRIP = NO;
				DEBUG_INFORMATION_FORMAT = "dwarf-with-dsym";
				ENABLE_NS_ASSERTIONS = NO;
				ENABLE_STRICT_OBJC_MSGSEND = YES;
				GCC_C_LANGUAGE_STANDARD = gnu11;
				GCC_NO_COMMON_BLOCKS = YES;
				GCC_WARN_64_TO_32_BIT_CONVERSION = YES;
				GCC_WARN_ABOUT_RETURN_TYPE = YES_ERROR;
				GCC_WARN_UNDECLARED_SELECTOR = YES;
				GCC_WARN_UNINITIALIZED_AUTOS = YES_AGGRESSIVE;
				GCC_WARN_UNUSED_FUNCTION = YES;
				GCC_WARN_UNUSED_VARIABLE = YES;
				MACOSX_DEPLOYMENT_TARGET = 10.13;
				MTL_ENABLE_DEBUG_INFO = NO;
				SDKROOT = macosx;
				SWIFT_COMPILATION_MODE = wholemodule;
				SWIFT_OPTIMIZATION_LEVEL = "-O";
			};
			name = Release;
		};
		C8BCEA4F20D3C1B400B35470 /* Debug */ = {
			isa = XCBuildConfiguration;
			baseConfigurationReference = 5A3FB7016027986A7B56AF07 /* Pods-Pumaflor.debug.xcconfig */;
			buildSettings = {
				ASSETCATALOG_COMPILER_APPICON_NAME = AppIcon;
				CODE_SIGN_ENTITLEMENTS = Pumaflor/Pumaflor.entitlements;
				CODE_SIGN_IDENTITY = "Mac Developer";
				CODE_SIGN_STYLE = Automatic;
				COMBINE_HIDPI_IMAGES = YES;
				DEVELOPMENT_TEAM = FVT8X28ANV;
				INFOPLIST_FILE = Pumaflor/Info.plist;
				LD_RUNPATH_SEARCH_PATHS = (
					"$(inherited)",
					"@executable_path/../Frameworks",
				);
				PRODUCT_BUNDLE_IDENTIFIER = co.uk.resdev.Pumaflor;
				PRODUCT_NAME = "$(TARGET_NAME)";
				PROVISIONING_PROFILE_SPECIFIER = "";
				SWIFT_VERSION = 4.2;
			};
			name = Debug;
		};
		C8BCEA5020D3C1B400B35470 /* Release */ = {
			isa = XCBuildConfiguration;
			baseConfigurationReference = 77A72865DCEA94598A681DBF /* Pods-Pumaflor.release.xcconfig */;
			buildSettings = {
				ASSETCATALOG_COMPILER_APPICON_NAME = AppIcon;
				CODE_SIGN_ENTITLEMENTS = Pumaflor/Pumaflor.entitlements;
				CODE_SIGN_IDENTITY = "Mac Developer";
				CODE_SIGN_STYLE = Automatic;
				COMBINE_HIDPI_IMAGES = YES;
				DEVELOPMENT_TEAM = FVT8X28ANV;
				INFOPLIST_FILE = Pumaflor/Info.plist;
				LD_RUNPATH_SEARCH_PATHS = (
					"$(inherited)",
					"@executable_path/../Frameworks",
				);
				PRODUCT_BUNDLE_IDENTIFIER = co.uk.resdev.Pumaflor;
				PRODUCT_NAME = "$(TARGET_NAME)";
				PROVISIONING_PROFILE_SPECIFIER = "";
				SWIFT_VERSION = 4.2;
			};
			name = Release;
		};
/* End XCBuildConfiguration section */

/* Begin XCConfigurationList section */
		C8BCEA3920D3C1B300B35470 /* Build configuration list for PBXProject "Pumaflor" */ = {
			isa = XCConfigurationList;
			buildConfigurations = (
				C8BCEA4C20D3C1B400B35470 /* Debug */,
				C8BCEA4D20D3C1B400B35470 /* Release */,
			);
			defaultConfigurationIsVisible = 0;
			defaultConfigurationName = Release;
		};
		C8BCEA4E20D3C1B400B35470 /* Build configuration list for PBXNativeTarget "Pumaflor" */ = {
			isa = XCConfigurationList;
			buildConfigurations = (
				C8BCEA4F20D3C1B400B35470 /* Debug */,
				C8BCEA5020D3C1B400B35470 /* Release */,
			);
			defaultConfigurationIsVisible = 0;
			defaultConfigurationName = Release;
		};
/* End XCConfigurationList section */
	};
	rootObject = C8BCEA3620D3C1B300B35470 /* Project object */;
}
